Microsoft Visual Studio Solution File, Format Version 12.00
# Visual Studio Version 17
VisualStudioVersion = 17.0.31903.59
MinimumVisualStudioVersion = 10.0.40219.1
Project("{FAE04EC0-301F-11D3-BF4B-00C04F79EFBC}") = "BiomesCavernsMultifloorsPatch", "Source\BiomesCavernsMultifloorsPatch\BiomesCavernsMultifloorsPatch.csproj", "{7A3F9C2E-1B4D-4E6A-9C8B-2D5F1A0E3B7C}"
EndProject
Global
	GlobalSection(SolutionConfigurationPlatforms) = preSolution
		Debug|Any CPU = Debug|Any CPU
		Release|Any CPU = Release|Any CPU
	EndGlobalSection
	GlobalSection(ProjectConfigurationPlatforms) = postSolution
		{7A3F9C2E-1B4D-4E6A-9C8B-2D5F1A0E3B7C}.Debug|Any CPU.ActiveCfg = Debug|Any CPU
		{7A3F9C2E-1B4D-4E6A-9C8B-2D5F1A0E3B7C}.Debug|Any CPU.Build.0 = Debug|Any CPU
		{7A3F9C2E-1B4D-4E6A-9C8B-2D5F1A0E3B7C}.Release|Any CPU.ActiveCfg = Release|Any CPU
		{7A3F9C2E-1B4D-4E6A-9C8B-2D5F1A0E3B7C}.Release|Any CPU.Build.0 = Release|Any CPU
	EndGlobalSection
EndGlobal
